
Microsoft Visual Studio Solution File, Format Version 12.00
# Visual Studio Version 17
VisualStudioVersion = 17.14.36414.22 d17.14
MinimumVisualStudioVersion = 10.0.40219.1
Project("{FAE04EC0-301F-11D3-BF4B-00C04F79EFBC}") = "ThePretendCompanyApplication", "ThePretendCompanyApplication\ThePretendCompanyApplication.csproj", "{8BFC8D74-9AE6-4888-A6AC-6B7EBEB5A377}"
EndProject
Project("{FAE04EC0-301F-11D3-BF4B-00C04F79EFBC}") = "TCPData", "TCPData\TCPData.csproj", "{10BA5D6C-364E-44B3-AB4C-F5BE2C5CB5E5}"
EndProject
Project("{FAE04EC0-301F-11D3-BF4B-00C04F79EFBC}") = "TCPExtensions", "TCPExtensions\TCPExtensions.csproj", "{BDA584B7-BC05-4D7A-8A69-A3E365A86210}"
EndProject
Global
	GlobalSection(SolutionConfigurationPlatforms) = preSolution
		Debug|Any CPU = Debug|Any CPU
		Release|Any CPU = Release|Any CPU
	EndGlobalSection
	GlobalSection(ProjectConfigurationPlatforms) = postSolution
		{8BFC8D74-9AE6-4888-A6AC-6B7EBEB5A377}.Debug|Any CPU.ActiveCfg = Debug|Any CPU
		{8BFC8D74-9AE6-4888-A6AC-6B7EBEB5A377}.Debug|Any CPU.Build.0 = Debug|Any CPU
		{8BFC8D74-9AE6-4888-A6AC-6B7EBEB5A377}.Release|Any CPU.ActiveCfg = Release|Any CPU
		{8BFC8D74-9AE6-4888-A6AC-6B7EBEB5A377}.Release|Any CPU.Build.0 = Release|Any CPU
		{10BA5D6C-364E-44B3-AB4C-F5BE2C5CB5E5}.Debug|Any CPU.ActiveCfg = Debug|Any CPU
		{10BA5D6C-364E-44B3-AB4C-F5BE2C5CB5E5}.Debug|Any CPU.Build.0 = Debug|Any CPU
		{10BA5D6C-364E-44B3-AB4C-F5BE2C5CB5E5}.Release|Any CPU.ActiveCfg = Release|Any CPU
		{10BA5D6C-364E-44B3-AB4C-F5BE2C5CB5E5}.Release|Any CPU.Build.0 = Release|Any CPU
		{BDA584B7-BC05-4D7A-8A69-A3E365A86210}.Debug|Any CPU.ActiveCfg = Debug|Any CPU
		{BDA584B7-BC05-4D7A-8A69-A3E365A86210}.Debug|Any CPU.Build.0 = Debug|Any CPU
		{BDA584B7-BC05-4D7A-8A69-A3E365A86210}.Release|Any CPU.ActiveCfg = Release|Any CPU
		{BDA584B7-BC05-4D7A-8A69-A3E365A86210}.Release|Any CPU.Build.0 = Release|Any CPU
	EndGlobalSection
	GlobalSection(SolutionProperties) = preSolution
		HideSolutionNode = FALSE
	EndGlobalSection
	GlobalSection(ExtensibilityGlobals) = postSolution
		SolutionGuid = {4797A0B2-1565-4753-9770-3B139A85A34F}
	EndGlobalSection
EndGlobal
