
Microsoft Visual Studio Solution File, Format Version 12.00
# Visual Studio Version 17
VisualStudioVersion = 17.14.36203.30 d17.14
MinimumVisualStudioVersion = 10.0.40219.1
Project("{FAE04EC0-301F-11D3-BF4B-00C04F79EFBC}") = "DictionaryDemo", "DictionaryDemo\DictionaryDemo.csproj", "{6DE41130-06A3-493D-9D68-AC8343844D87}"
EndProject
Global
	GlobalSection(SolutionConfigurationPlatforms) = preSolution
		Debug|Any CPU = Debug|Any CPU
		Release|Any CPU = Release|Any CPU
	EndGlobalSection
	GlobalSection(ProjectConfigurationPlatforms) = postSolution
		{6DE41130-06A3-493D-9D68-AC8343844D87}.Debug|Any CPU.ActiveCfg = Debug|Any CPU
		{6DE41130-06A3-493D-9D68-AC8343844D87}.Debug|Any CPU.Build.0 = Debug|Any CPU
		{6DE41130-06A3-493D-9D68-AC8343844D87}.Release|Any CPU.ActiveCfg = Release|Any CPU
		{6DE41130-06A3-493D-9D68-AC8343844D87}.Release|Any CPU.Build.0 = Release|Any CPU
	EndGlobalSection
	GlobalSection(SolutionProperties) = preSolution
		HideSolutionNode = FALSE
	EndGlobalSection
	GlobalSection(ExtensibilityGlobals) = postSolution
		SolutionGuid = {F1486F7E-EB86-4911-A10A-27FD2E6E621F}
	EndGlobalSection
EndGlobal
