
Microsoft Visual Studio Solution File, Format Version 12.00
# Visual Studio Version 17
VisualStudioVersion = 17.14.36221.1 d17.14
MinimumVisualStudioVersion = 10.0.40219.1
Project("{FAE04EC0-301F-11D3-BF4B-00C04F79EFBC}") = "TupleCollection", "TupleCollection\TupleCollection.csproj", "{470DC2EE-E6EC-4340-90C3-56BBBD378356}"
EndProject
Global
	GlobalSection(SolutionConfigurationPlatforms) = preSolution
		Debug|Any CPU = Debug|Any CPU
		Release|Any CPU = Release|Any CPU
	EndGlobalSection
	GlobalSection(ProjectConfigurationPlatforms) = postSolution
		{470DC2EE-E6EC-4340-90C3-56BBBD378356}.Debug|Any CPU.ActiveCfg = Debug|Any CPU
		{470DC2EE-E6EC-4340-90C3-56BBBD378356}.Debug|Any CPU.Build.0 = Debug|Any CPU
		{470DC2EE-E6EC-4340-90C3-56BBBD378356}.Release|Any CPU.ActiveCfg = Release|Any CPU
		{470DC2EE-E6EC-4340-90C3-56BBBD378356}.Release|Any CPU.Build.0 = Release|Any CPU
	EndGlobalSection
	GlobalSection(SolutionProperties) = preSolution
		HideSolutionNode = FALSE
	EndGlobalSection
	GlobalSection(ExtensibilityGlobals) = postSolution
		SolutionGuid = {D7A21D58-E458-492F-A426-53C05E67632D}
	EndGlobalSection
EndGlobal
