
Microsoft Visual Studio Solution File, Format Version 12.00
# Visual Studio Version 17
VisualStudioVersion = 17.14.36221.1 d17.14
MinimumVisualStudioVersion = 10.0.40219.1
Project("{FAE04EC0-301F-11D3-BF4B-00C04F79EFBC}") = "TaskSharp", "TaskSharp\TaskSharp.csproj", "{39606D1F-E25A-4E73-979F-DE2EC07EA4B2}"
EndProject
Global
	GlobalSection(SolutionConfigurationPlatforms) = preSolution
		Debug|Any CPU = Debug|Any CPU
		Release|Any CPU = Release|Any CPU
	EndGlobalSection
	GlobalSection(ProjectConfigurationPlatforms) = postSolution
		{39606D1F-E25A-4E73-979F-DE2EC07EA4B2}.Debug|Any CPU.ActiveCfg = Debug|Any CPU
		{39606D1F-E25A-4E73-979F-DE2EC07EA4B2}.Debug|Any CPU.Build.0 = Debug|Any CPU
		{39606D1F-E25A-4E73-979F-DE2EC07EA4B2}.Release|Any CPU.ActiveCfg = Release|Any CPU
		{39606D1F-E25A-4E73-979F-DE2EC07EA4B2}.Release|Any CPU.Build.0 = Release|Any CPU
	EndGlobalSection
	GlobalSection(SolutionProperties) = preSolution
		HideSolutionNode = FALSE
	EndGlobalSection
	GlobalSection(ExtensibilityGlobals) = postSolution
		SolutionGuid = {E89168D5-AECE-4E5B-BBD1-BE17547C5C62}
	EndGlobalSection
EndGlobal
