
Microsoft Visual Studio Solution File, Format Version 12.00
# Visual Studio Version 17
VisualStudioVersion = 17.14.36310.24 d17.14
MinimumVisualStudioVersion = 10.0.40219.1
Project("{FAE04EC0-301F-11D3-BF4B-00C04F79EFBC}") = "TypeConversion", "TypeConversion\TypeConversion.csproj", "{8AD58747-1882-44AC-8F25-C0D296D3692D}"
EndProject
Global
	GlobalSection(SolutionConfigurationPlatforms) = preSolution
		Debug|Any CPU = Debug|Any CPU
		Release|Any CPU = Release|Any CPU
	EndGlobalSection
	GlobalSection(ProjectConfigurationPlatforms) = postSolution
		{8AD58747-1882-44AC-8F25-C0D296D3692D}.Debug|Any CPU.ActiveCfg = Debug|Any CPU
		{8AD58747-1882-44AC-8F25-C0D296D3692D}.Debug|Any CPU.Build.0 = Debug|Any CPU
		{8AD58747-1882-44AC-8F25-C0D296D3692D}.Release|Any CPU.ActiveCfg = Release|Any CPU
		{8AD58747-1882-44AC-8F25-C0D296D3692D}.Release|Any CPU.Build.0 = Release|Any CPU
	EndGlobalSection
	GlobalSection(SolutionProperties) = preSolution
		HideSolutionNode = FALSE
	EndGlobalSection
	GlobalSection(ExtensibilityGlobals) = postSolution
		SolutionGuid = {39A1FF86-5A5F-4370-A3ED-9FE02BE867F2}
	EndGlobalSection
EndGlobal
